
Microsoft Visual Studio Solution File, Format Version 12.00
# Visual Studio 15
Project("{FAE04EC0-301F-11D3-BF4B-00C04F79EFBC}") = "Assembly-CSharp-firstpass", "Assembly-CSharp-firstpass.csproj", "{C61CF1F7-7A63-3147-5E5D-BAA6484F3073}"
EndProject
Project("{FAE04EC0-301F-11D3-BF4B-00C04F79EFBC}") = "Assembly-CSharp", "Assembly-CSharp.csproj", "{86B4FC90-34A8-E35A-794D-245A24209996}"
EndProject
Project("{FAE04EC0-301F-11D3-BF4B-00C04F79EFBC}") = "Assembly-CSharp-Editor-firstpass", "Assembly-CSharp-Editor-firstpass.csproj", "{03C037AD-10F5-0785-D2A3-BAC2CC265753}"
EndProject
Global
	GlobalSection(SolutionConfigurationPlatforms) = preSolution
		Debug|Any CPU = Debug|Any CPU
		Release|Any CPU = Release|Any CPU
	EndGlobalSection
	GlobalSection(ProjectConfigurationPlatforms) = postSolution
		{C61CF1F7-7A63-3147-5E5D-BAA6484F3073}.Debug|Any CPU.ActiveCfg = Debug|Any CPU
		{C61CF1F7-7A63-3147-5E5D-BAA6484F3073}.Debug|Any CPU.Build.0 = Debug|Any CPU
		{C61CF1F7-7A63-3147-5E5D-BAA6484F3073}.Release|Any CPU.ActiveCfg = Release|Any CPU
		{C61CF1F7-7A63-3147-5E5D-BAA6484F3073}.Release|Any CPU.Build.0 = Release|Any CPU
		{86B4FC90-34A8-E35A-794D-245A24209996}.Debug|Any CPU.ActiveCfg = Debug|Any CPU
		{86B4FC90-34A8-E35A-794D-245A24209996}.Debug|Any CPU.Build.0 = Debug|Any CPU
		{86B4FC90-34A8-E35A-794D-245A24209996}.Release|Any CPU.ActiveCfg = Release|Any CPU
		{86B4FC90-34A8-E35A-794D-245A24209996}.Release|Any CPU.Build.0 = Release|Any CPU
		{03C037AD-10F5-0785-D2A3-BAC2CC265753}.Debug|Any CPU.ActiveCfg = Debug|Any CPU
		{03C037AD-10F5-0785-D2A3-BAC2CC265753}.Debug|Any CPU.Build.0 = Debug|Any CPU
		{03C037AD-10F5-0785-D2A3-BAC2CC265753}.Release|Any CPU.ActiveCfg = Release|Any CPU
		{03C037AD-10F5-0785-D2A3-BAC2CC265753}.Release|Any CPU.Build.0 = Release|Any CPU
	EndGlobalSection
	GlobalSection(SolutionProperties) = preSolution
		HideSolutionNode = FALSE
	EndGlobalSection
EndGlobal
